
Microsoft Visual Studio Solution File, Format Version 12.00
# Visual Studio Version 17
VisualStudioVersion = 17.8.34309.116
MinimumVisualStudioVersion = 10.0.40219.1
Project("{F2A71F9B-5D33-465A-A702-920D77279786}") = "Transcend.PL", "Transcend.PL.fsproj", "{84728099-85C6-4F62-880B-EAEA036FAA03}"
EndProject
Project("{FAE04EC0-301F-11D3-BF4B-00C04F79EFBC}") = "Transcend.BLL", "..\Transcend.BLL\Transcend.BLL.csproj", "{106E03A7-0411-4225-ACDE-4F42DCAB1EA1}"
EndProject
Project("{FAE04EC0-301F-11D3-BF4B-00C04F79EFBC}") = "Transcend.DAL", "..\Transcend.DAL\Transcend.DAL.csproj", "{40CEE297-9006-4BC8-B8B0-58E80D016239}"
EndProject
Global
	GlobalSection(SolutionConfigurationPlatforms) = preSolution
		Debug|Any CPU = Debug|Any CPU
		Release|Any CPU = Release|Any CPU
	EndGlobalSection
	GlobalSection(ProjectConfigurationPlatforms) = postSolution
		{84728099-85C6-4F62-880B-EAEA036FAA03}.Debug|Any CPU.ActiveCfg = Debug|Any CPU
		{84728099-85C6-4F62-880B-EAEA036FAA03}.Debug|Any CPU.Build.0 = Debug|Any CPU
		{84728099-85C6-4F62-880B-EAEA036FAA03}.Release|Any CPU.ActiveCfg = Release|Any CPU
		{84728099-85C6-4F62-880B-EAEA036FAA03}.Release|Any CPU.Build.0 = Release|Any CPU
		{106E03A7-0411-4225-ACDE-4F42DCAB1EA1}.Debug|Any CPU.ActiveCfg = Debug|Any CPU
		{106E03A7-0411-4225-ACDE-4F42DCAB1EA1}.Debug|Any CPU.Build.0 = Debug|Any CPU
		{106E03A7-0411-4225-ACDE-4F42DCAB1EA1}.Release|Any CPU.ActiveCfg = Release|Any CPU
		{106E03A7-0411-4225-ACDE-4F42DCAB1EA1}.Release|Any CPU.Build.0 = Release|Any CPU
		{40CEE297-9006-4BC8-B8B0-58E80D016239}.Debug|Any CPU.ActiveCfg = Debug|Any CPU
		{40CEE297-9006-4BC8-B8B0-58E80D016239}.Debug|Any CPU.Build.0 = Debug|Any CPU
		{40CEE297-9006-4BC8-B8B0-58E80D016239}.Release|Any CPU.ActiveCfg = Release|Any CPU
		{40CEE297-9006-4BC8-B8B0-58E80D016239}.Release|Any CPU.Build.0 = Release|Any CPU
	EndGlobalSection
	GlobalSection(SolutionProperties) = preSolution
		HideSolutionNode = FALSE
	EndGlobalSection
	GlobalSection(ExtensibilityGlobals) = postSolution
		SolutionGuid = {530D391D-E0B0-4C54-99B5-3ADAE51A9521}
	EndGlobalSection
EndGlobal
